
Microsoft Visual Studio Solution File, Format Version 12.00
# Visual Studio Version 16
VisualStudioVersion = 16.0.34114.132
MinimumVisualStudioVersion = 10.0.40219.1
Project("{888888A0-9F3D-457C-B088-3A5042F75D52}") = "DjangoWebProject1", "DjangoWebProject1\DjangoWebProject1.pyproj", "{8ECF7211-D902-45B8-9DE3-36636AAFB654}"
EndProject
Global
	GlobalSection(SolutionConfigurationPlatforms) = preSolution
		Debug|Any CPU = Debug|Any CPU
		Release|Any CPU = Release|Any CPU
	EndGlobalSection
	GlobalSection(ProjectConfigurationPlatforms) = postSolution
		{8ECF7211-D902-45B8-9DE3-36636AAFB654}.Debug|Any CPU.ActiveCfg = Debug|Any CPU
		{8ECF7211-D902-45B8-9DE3-36636AAFB654}.Debug|Any CPU.Build.0 = Debug|Any CPU
		{8ECF7211-D902-45B8-9DE3-36636AAFB654}.Release|Any CPU.ActiveCfg = Release|Any CPU
		{8ECF7211-D902-45B8-9DE3-36636AAFB654}.Release|Any CPU.Build.0 = Release|Any CPU
	EndGlobalSection
	GlobalSection(SolutionProperties) = preSolution
		HideSolutionNode = FALSE
	EndGlobalSection
	GlobalSection(ExtensibilityGlobals) = postSolution
		SolutionGuid = {6526A3DD-118F-40CC-9810-8057E423DFF2}
	EndGlobalSection
EndGlobal
